
Microsoft Visual Studio Solution File, Format Version 12.00
# Visual Studio Version 16
VisualStudioVersion = 16.0.30907.101
MinimumVisualStudioVersion = 10.0.40219.1
Project("{8BC9CEB8-8B4A-11D0-8D11-00A0C91BC942}") = "LabDemos", "LabDemos\LabDemos.vcxproj", "{69C4F2B0-F4CF-4FE1-AE4B-705B6E040F4A}"
EndProject
Project("{8BC9CEB8-8B4A-11D0-8D11-00A0C91BC942}") = "Lab Assignment 1", "Lab Assignment 1\Lab Assignment 1.vcxproj", "{CA2B1F65-189F-4B63-87B4-AD1C8C32A943}"
EndProject
Project("{8BC9CEB8-8B4A-11D0-8D11-00A0C91BC942}") = "LabDemo2", "LabDemo2\LabDemo2.vcxproj", "{999DF6F3-5FD0-438A-9856-4B86D7F8E7B2}"
EndProject
Project("{8BC9CEB8-8B4A-11D0-8D11-00A0C91BC942}") = "Lab Assignment 2", "Lab Assignment 2\Lab Assignment 2.vcxproj", "{8722D84F-657B-4F7C-8552-5DA63E3B79C1}"
EndProject
Project("{8BC9CEB8-8B4A-11D0-8D11-00A0C91BC942}") = "Testing", "Testing\Testing.vcxproj", "{ACB1AC37-6C40-45DF-AC81-EB51E5758DC2}"
EndProject
Project("{8BC9CEB8-8B4A-11D0-8D11-00A0C91BC942}") = "LabDemo3", "LabDemo3\LabDemo3.vcxproj", "{1E599FBB-7F8F-4E5C-858A-7203B25387D2}"
EndProject
Project("{8BC9CEB8-8B4A-11D0-8D11-00A0C91BC942}") = "Lab Assignment 3", "Lab Assignment 3\Lab Assignment 3.vcxproj", "{E8DE4914-2792-46C6-9684-3E277D2035F9}"
EndProject
Project("{8BC9CEB8-8B4A-11D0-8D11-00A0C91BC942}") = "LabTest1", "LabTest1\LabTest1.vcxproj", "{25A48E61-0B8D-41BE-9509-B791FFEA5A9B}"
EndProject
Project("{8BC9CEB8-8B4A-11D0-8D11-00A0C91BC942}") = "LabDemo4", "LabDemo4\LabDemo4.vcxproj", "{9CD3DD5D-85A4-4850-AF71-A4F6960C697E}"
EndProject
Project("{8BC9CEB8-8B4A-11D0-8D11-00A0C91BC942}") = "ProfExamples", "ProfExamples\ProfExamples.vcxproj", "{BD82C707-1F7B-4AA4-AAC5-1A8C4A8F0613}"
EndProject
Project("{8BC9CEB8-8B4A-11D0-8D11-00A0C91BC942}") = "Lab Assignment 4", "Lab Assignment 4\Lab Assignment 4.vcxproj", "{0DC6307D-2282-4A4B-8903-3F931C56C475}"
EndProject
Project("{8BC9CEB8-8B4A-11D0-8D11-00A0C91BC942}") = "Assignment 1", "Assignment 1\Assignment 1.vcxproj", "{150C679E-047A-468F-BCB6-2D8A60D42ED8}"
EndProject
Project("{8BC9CEB8-8B4A-11D0-8D11-00A0C91BC942}") = "LabDemo5", "LabDemo5\LabDemo5.vcxproj", "{85A4F2ED-CE55-4E18-9948-EA714AC5C59A}"
EndProject
Project("{8BC9CEB8-8B4A-11D0-8D11-00A0C91BC942}") = "Lab Assignment 5", "Lab Assignment 5\Lab Assignment 5.vcxproj", "{A5FC80BF-EF42-4AD5-B1DB-44AD2F3CE0E2}"
EndProject
Project("{8BC9CEB8-8B4A-11D0-8D11-00A0C91BC942}") = "LabDemo6", "LabDemo6\LabDemo6.vcxproj", "{6DFD1EBE-A14F-4B0F-9BBF-15263292EE42}"
EndProject
Project("{8BC9CEB8-8B4A-11D0-8D11-00A0C91BC942}") = "Lab Assignment 6", "Lab Assignment 6\Lab Assignment 6.vcxproj", "{BF54E15B-0185-442D-8285-4792D95D175C}"
EndProject
Project("{8BC9CEB8-8B4A-11D0-8D11-00A0C91BC942}") = "LabTest2", "LabTest2\LabTest2.vcxproj", "{9D42AC0B-28F2-4FE0-8C90-4508ED64EF38}"
EndProject
Project("{8BC9CEB8-8B4A-11D0-8D11-00A0C91BC942}") = "LabDemo7", "LabDemo7\LabDemo7.vcxproj", "{BB6D371B-DDA9-4A7C-8E7D-73BB05E8ECDA}"
EndProject
Project("{8BC9CEB8-8B4A-11D0-8D11-00A0C91BC942}") = "Lab Assignment 7", "Lab Assignment 7\Lab Assignment 7.vcxproj", "{0B27D9B6-E549-4CB8-BE84-C827EDB6231D}"
EndProject
Project("{8BC9CEB8-8B4A-11D0-8D11-00A0C91BC942}") = "LabDemo8", "LabDemo8\LabDemo8.vcxproj", "{54731984-0500-44DE-A493-8F28C7398FDC}"
EndProject
Project("{8BC9CEB8-8B4A-11D0-8D11-00A0C91BC942}") = "Lab Assignment 8", "Lab Assignment 8\Lab Assignment 8.vcxproj", "{D644FFBC-98D0-4E46-8486-C7A62B69E350}"
EndProject
Global
	GlobalSection(SolutionConfigurationPlatforms) = preSolution
		Debug|x64 = Debug|x64
		Debug|x86 = Debug|x86
		Release|x64 = Release|x64
		Release|x86 = Release|x86
	EndGlobalSection
	GlobalSection(ProjectConfigurationPlatforms) = postSolution
		{69C4F2B0-F4CF-4FE1-AE4B-705B6E040F4A}.Debug|x64.ActiveCfg = Debug|x64
		{69C4F2B0-F4CF-4FE1-AE4B-705B6E040F4A}.Debug|x64.Build.0 = Debug|x64
		{69C4F2B0-F4CF-4FE1-AE4B-705B6E040F4A}.Debug|x86.ActiveCfg = Debug|Win32
		{69C4F2B0-F4CF-4FE1-AE4B-705B6E040F4A}.Debug|x86.Build.0 = Debug|Win32
		{69C4F2B0-F4CF-4FE1-AE4B-705B6E040F4A}.Release|x64.ActiveCfg = Release|x64
		{69C4F2B0-F4CF-4FE1-AE4B-705B6E040F4A}.Release|x64.Build.0 = Release|x64
		{69C4F2B0-F4CF-4FE1-AE4B-705B6E040F4A}.Release|x86.ActiveCfg = Release|Win32
		{69C4F2B0-F4CF-4FE1-AE4B-705B6E040F4A}.Release|x86.Build.0 = Release|Win32
		{CA2B1F65-189F-4B63-87B4-AD1C8C32A943}.Debug|x64.ActiveCfg = Debug|x64
		{CA2B1F65-189F-4B63-87B4-AD1C8C32A943}.Debug|x64.Build.0 = Debug|x64
		{CA2B1F65-189F-4B63-87B4-AD1C8C32A943}.Debug|x86.ActiveCfg = Debug|Win32
		{CA2B1F65-189F-4B63-87B4-AD1C8C32A943}.Debug|x86.Build.0 = Debug|Win32
		{CA2B1F65-189F-4B63-87B4-AD1C8C32A943}.Release|x64.ActiveCfg = Release|x64
		{CA2B1F65-189F-4B63-87B4-AD1C8C32A943}.Release|x64.Build.0 = Release|x64
		{CA2B1F65-189F-4B63-87B4-AD1C8C32A943}.Release|x86.ActiveCfg = Release|Win32
		{CA2B1F65-189F-4B63-87B4-AD1C8C32A943}.Release|x86.Build.0 = Release|Win32
		{999DF6F3-5FD0-438A-9856-4B86D7F8E7B2}.Debug|x64.ActiveCfg = Debug|x64
		{999DF6F3-5FD0-438A-9856-4B86D7F8E7B2}.Debug|x64.Build.0 = Debug|x64
		{999DF6F3-5FD0-438A-9856-4B86D7F8E7B2}.Debug|x86.ActiveCfg = Debug|Win32
		{999DF6F3-5FD0-438A-9856-4B86D7F8E7B2}.Debug|x86.Build.0 = Debug|Win32
		{999DF6F3-5FD0-438A-9856-4B86D7F8E7B2}.Release|x64.ActiveCfg = Release|x64
		{999DF6F3-5FD0-438A-9856-4B86D7F8E7B2}.Release|x64.Build.0 = Release|x64
		{999DF6F3-5FD0-438A-9856-4B86D7F8E7B2}.Release|x86.ActiveCfg = Release|Win32
		{999DF6F3-5FD0-438A-9856-4B86D7F8E7B2}.Release|x86.Build.0 = Release|Win32
		{8722D84F-657B-4F7C-8552-5DA63E3B79C1}.Debug|x64.ActiveCfg = Debug|x64
		{8722D84F-657B-4F7C-8552-5DA63E3B79C1}.Debug|x64.Build.0 = Debug|x64
		{8722D84F-657B-4F7C-8552-5DA63E3B79C1}.Debug|x86.ActiveCfg = Debug|Win32
		{8722D84F-657B-4F7C-8552-5DA63E3B79C1}.Debug|x86.Build.0 = Debug|Win32
		{8722D84F-657B-4F7C-8552-5DA63E3B79C1}.Release|x64.ActiveCfg = Release|x64
		{8722D84F-657B-4F7C-8552-5DA63E3B79C1}.Release|x64.Build.0 = Release|x64
		{8722D84F-657B-4F7C-8552-5DA63E3B79C1}.Release|x86.ActiveCfg = Release|Win32
		{8722D84F-657B-4F7C-8552-5DA63E3B79C1}.Release|x86.Build.0 = Release|Win32
		{ACB1AC37-6C40-45DF-AC81-EB51E5758DC2}.Debug|x64.ActiveCfg = Debug|x64
		{ACB1AC37-6C40-45DF-AC81-EB51E5758DC2}.Debug|x64.Build.0 = Debug|x64
		{ACB1AC37-6C40-45DF-AC81-EB51E5758DC2}.Debug|x86.ActiveCfg = Debug|Win32
		{ACB1AC37-6C40-45DF-AC81-EB51E5758DC2}.Debug|x86.Build.0 = Debug|Win32
		{ACB1AC37-6C40-45DF-AC81-EB51E5758DC2}.Release|x64.ActiveCfg = Release|x64
		{ACB1AC37-6C40-45DF-AC81-EB51E5758DC2}.Release|x64.Build.0 = Release|x64
		{ACB1AC37-6C40-45DF-AC81-EB51E5758DC2}.Release|x86.ActiveCfg = Release|Win32
		{ACB1AC37-6C40-45DF-AC81-EB51E5758DC2}.Release|x86.Build.0 = Release|Win32
		{1E599FBB-7F8F-4E5C-858A-7203B25387D2}.Debug|x64.ActiveCfg = Debug|x64
		{1E599FBB-7F8F-4E5C-858A-7203B25387D2}.Debug|x64.Build.0 = Debug|x64
		{1E599FBB-7F8F-4E5C-858A-7203B25387D2}.Debug|x86.ActiveCfg = Debug|Win32
		{1E599FBB-7F8F-4E5C-858A-7203B25387D2}.Debug|x86.Build.0 = Debug|Win32
		{1E599FBB-7F8F-4E5C-858A-7203B25387D2}.Release|x64.ActiveCfg = Release|x64
		{1E599FBB-7F8F-4E5C-858A-7203B25387D2}.Release|x64.Build.0 = Release|x64
		{1E599FBB-7F8F-4E5C-858A-7203B25387D2}.Release|x86.ActiveCfg = Release|Win32
		{1E599FBB-7F8F-4E5C-858A-7203B25387D2}.Release|x86.Build.0 = Release|Win32
		{E8DE4914-2792-46C6-9684-3E277D2035F9}.Debug|x64.ActiveCfg = Debug|x64
		{E8DE4914-2792-46C6-9684-3E277D2035F9}.Debug|x64.Build.0 = Debug|x64
		{E8DE4914-2792-46C6-9684-3E277D2035F9}.Debug|x86.ActiveCfg = Debug|Win32
		{E8DE4914-2792-46C6-9684-3E277D2035F9}.Debug|x86.Build.0 = Debug|Win32
		{E8DE4914-2792-46C6-9684-3E277D2035F9}.Release|x64.ActiveCfg = Release|x64
		{E8DE4914-2792-46C6-9684-3E277D2035F9}.Release|x64.Build.0 = Release|x64
		{E8DE4914-2792-46C6-9684-3E277D2035F9}.Release|x86.ActiveCfg = Release|Win32
		{E8DE4914-2792-46C6-9684-3E277D2035F9}.Release|x86.Build.0 = Release|Win32
		{25A48E61-0B8D-41BE-9509-B791FFEA5A9B}.Debug|x64.ActiveCfg = Debug|x64
		{25A48E61-0B8D-41BE-9509-B791FFEA5A9B}.Debug|x64.Build.0 = Debug|x64
		{25A48E61-0B8D-41BE-9509-B791FFEA5A9B}.Debug|x86.ActiveCfg = Debug|Win32
		{25A48E61-0B8D-41BE-9509-B791FFEA5A9B}.Debug|x86.Build.0 = Debug|Win32
		{25A48E61-0B8D-41BE-9509-B791FFEA5A9B}.Release|x64.ActiveCfg = Release|x64
		{25A48E61-0B8D-41BE-9509-B791FFEA5A9B}.Release|x64.Build.0 = Release|x64
		{25A48E61-0B8D-41BE-9509-B791FFEA5A9B}.Release|x86.ActiveCfg = Release|Win32
		{25A48E61-0B8D-41BE-9509-B791FFEA5A9B}.Release|x86.Build.0 = Release|Win32
		{9CD3DD5D-85A4-4850-AF71-A4F6960C697E}.Debug|x64.ActiveCfg = Debug|x64
		{9CD3DD5D-85A4-4850-AF71-A4F6960C697E}.Debug|x64.Build.0 = Debug|x64
		{9CD3DD5D-85A4-4850-AF71-A4F6960C697E}.Debug|x86.ActiveCfg = Debug|Win32
		{9CD3DD5D-85A4-4850-AF71-A4F6960C697E}.Debug|x86.Build.0 = Debug|Win32
		{9CD3DD5D-85A4-4850-AF71-A4F6960C697E}.Release|x64.ActiveCfg = Release|x64
		{9CD3DD5D-85A4-4850-AF71-A4F6960C697E}.Release|x64.Build.0 = Release|x64
		{9CD3DD5D-85A4-4850-AF71-A4F6960C697E}.Release|x86.ActiveCfg = Release|Win32
		{9CD3DD5D-85A4-4850-AF71-A4F6960C697E}.Release|x86.Build.0 = Release|Win32
		{BD82C707-1F7B-4AA4-AAC5-1A8C4A8F0613}.Debug|x64.ActiveCfg = Debug|x64
		{BD82C707-1F7B-4AA4-AAC5-1A8C4A8F0613}.Debug|x64.Build.0 = Debug|x64
		{BD82C707-1F7B-4AA4-AAC5-1A8C4A8F0613}.Debug|x86.ActiveCfg = Debug|Win32
		{BD82C707-1F7B-4AA4-AAC5-1A8C4A8F0613}.Debug|x86.Build.0 = Debug|Win32
		{BD82C707-1F7B-4AA4-AAC5-1A8C4A8F0613}.Release|x64.ActiveCfg = Release|x64
		{BD82C707-1F7B-4AA4-AAC5-1A8C4A8F0613}.Release|x64.Build.0 = Release|x64
		{BD82C707-1F7B-4AA4-AAC5-1A8C4A8F0613}.Release|x86.ActiveCfg = Release|Win32
		{BD82C707-1F7B-4AA4-AAC5-1A8C4A8F0613}.Release|x86.Build.0 = Release|Win32
		{0DC6307D-2282-4A4B-8903-3F931C56C475}.Debug|x64.ActiveCfg = Debug|x64
		{0DC6307D-2282-4A4B-8903-3F931C56C475}.Debug|x64.Build.0 = Debug|x64
		{0DC6307D-2282-4A4B-8903-3F931C56C475}.Debug|x86.ActiveCfg = Debug|Win32
		{0DC6307D-2282-4A4B-8903-3F931C56C475}.Debug|x86.Build.0 = Debug|Win32
		{0DC6307D-2282-4A4B-8903-3F931C56C475}.Release|x64.ActiveCfg = Release|x64
		{0DC6307D-2282-4A4B-8903-3F931C56C475}.Release|x64.Build.0 = Release|x64
		{0DC6307D-2282-4A4B-8903-3F931C56C475}.Release|x86.ActiveCfg = Release|Win32
		{0DC6307D-2282-4A4B-8903-3F931C56C475}.Release|x86.Build.0 = Release|Win32
		{150C679E-047A-468F-BCB6-2D8A60D42ED8}.Debug|x64.ActiveCfg = Debug|x64
		{150C679E-047A-468F-BCB6-2D8A60D42ED8}.Debug|x64.Build.0 = Debug|x64
		{150C679E-047A-468F-BCB6-2D8A60D42ED8}.Debug|x86.ActiveCfg = Debug|Win32
		{150C679E-047A-468F-BCB6-2D8A60D42ED8}.Debug|x86.Build.0 = Debug|Win32
		{150C679E-047A-468F-BCB6-2D8A60D42ED8}.Release|x64.ActiveCfg = Release|x64
		{150C679E-047A-468F-BCB6-2D8A60D42ED8}.Release|x64.Build.0 = Release|x64
		{150C679E-047A-468F-BCB6-2D8A60D42ED8}.Release|x86.ActiveCfg = Release|Win32
		{150C679E-047A-468F-BCB6-2D8A60D42ED8}.Release|x86.Build.0 = Release|Win32
		{85A4F2ED-CE55-4E18-9948-EA714AC5C59A}.Debug|x64.ActiveCfg = Debug|x64
		{85A4F2ED-CE55-4E18-9948-EA714AC5C59A}.Debug|x64.Build.0 = Debug|x64
		{85A4F2ED-CE55-4E18-9948-EA714AC5C59A}.Debug|x86.ActiveCfg = Debug|Win32
		{85A4F2ED-CE55-4E18-9948-EA714AC5C59A}.Debug|x86.Build.0 = Debug|Win32
		{85A4F2ED-CE55-4E18-9948-EA714AC5C59A}.Release|x64.ActiveCfg = Release|x64
		{85A4F2ED-CE55-4E18-9948-EA714AC5C59A}.Release|x64.Build.0 = Release|x64
		{85A4F2ED-CE55-4E18-9948-EA714AC5C59A}.Release|x86.ActiveCfg = Release|Win32
		{85A4F2ED-CE55-4E18-9948-EA714AC5C59A}.Release|x86.Build.0 = Release|Win32
		{A5FC80BF-EF42-4AD5-B1DB-44AD2F3CE0E2}.Debug|x64.ActiveCfg = Debug|x64
		{A5FC80BF-EF42-4AD5-B1DB-44AD2F3CE0E2}.Debug|x64.Build.0 = Debug|x64
		{A5FC80BF-EF42-4AD5-B1DB-44AD2F3CE0E2}.Debug|x86.ActiveCfg = Debug|Win32
		{A5FC80BF-EF42-4AD5-B1DB-44AD2F3CE0E2}.Debug|x86.Build.0 = Debug|Win32
		{A5FC80BF-EF42-4AD5-B1DB-44AD2F3CE0E2}.Release|x64.ActiveCfg = Release|x64
		{A5FC80BF-EF42-4AD5-B1DB-44AD2F3CE0E2}.Release|x64.Build.0 = Release|x64
		{A5FC80BF-EF42-4AD5-B1DB-44AD2F3CE0E2}.Release|x86.ActiveCfg = Release|Win32
		{A5FC80BF-EF42-4AD5-B1DB-44AD2F3CE0E2}.Release|x86.Build.0 = Release|Win32
		{6DFD1EBE-A14F-4B0F-9BBF-15263292EE42}.Debug|x64.ActiveCfg = Debug|x64
		{6DFD1EBE-A14F-4B0F-9BBF-15263292EE42}.Debug|x64.Build.0 = Debug|x64
		{6DFD1EBE-A14F-4B0F-9BBF-15263292EE42}.Debug|x86.ActiveCfg = Debug|Win32
		{6DFD1EBE-A14F-4B0F-9BBF-15263292EE42}.Debug|x86.Build.0 = Debug|Win32
		{6DFD1EBE-A14F-4B0F-9BBF-15263292EE42}.Release|x64.ActiveCfg = Release|x64
		{6DFD1EBE-A14F-4B0F-9BBF-15263292EE42}.Release|x64.Build.0 = Release|x64
		{6DFD1EBE-A14F-4B0F-9BBF-15263292EE42}.Release|x86.ActiveCfg = Release|Win32
		{6DFD1EBE-A14F-4B0F-9BBF-15263292EE42}.Release|x86.Build.0 = Release|Win32
		{BF54E15B-0185-442D-8285-4792D95D175C}.Debug|x64.ActiveCfg = Debug|x64
		{BF54E15B-0185-442D-8285-4792D95D175C}.Debug|x64.Build.0 = Debug|x64
		{BF54E15B-0185-442D-8285-4792D95D175C}.Debug|x86.ActiveCfg = Debug|Win32
		{BF54E15B-0185-442D-8285-4792D95D175C}.Debug|x86.Build.0 = Debug|Win32
		{BF54E15B-0185-442D-8285-4792D95D175C}.Release|x64.ActiveCfg = Release|x64
		{BF54E15B-0185-442D-8285-4792D95D175C}.Release|x64.Build.0 = Release|x64
		{BF54E15B-0185-442D-8285-4792D95D175C}.Release|x86.ActiveCfg = Release|Win32
		{BF54E15B-0185-442D-8285-4792D95D175C}.Release|x86.Build.0 = Release|Win32
		{9D42AC0B-28F2-4FE0-8C90-4508ED64EF38}.Debug|x64.ActiveCfg = Debug|x64
		{9D42AC0B-28F2-4FE0-8C90-4508ED64EF38}.Debug|x64.Build.0 = Debug|x64
		{9D42AC0B-28F2-4FE0-8C90-4508ED64EF38}.Debug|x86.ActiveCfg = Debug|Win32
		{9D42AC0B-28F2-4FE0-8C90-4508ED64EF38}.Debug|x86.Build.0 = Debug|Win32
		{9D42AC0B-28F2-4FE0-8C90-4508ED64EF38}.Release|x64.ActiveCfg = Release|x64
		{9D42AC0B-28F2-4FE0-8C90-4508ED64EF38}.Release|x64.Build.0 = Release|x64
		{9D42AC0B-28F2-4FE0-8C90-4508ED64EF38}.Release|x86.ActiveCfg = Release|Win32
		{9D42AC0B-28F2-4FE0-8C90-4508ED64EF38}.Release|x86.Build.0 = Release|Win32
		{BB6D371B-DDA9-4A7C-8E7D-73BB05E8ECDA}.Debug|x64.ActiveCfg = Debug|x64
		{BB6D371B-DDA9-4A7C-8E7D-73BB05E8ECDA}.Debug|x64.Build.0 = Debug|x64
		{BB6D371B-DDA9-4A7C-8E7D-73BB05E8ECDA}.Debug|x86.ActiveCfg = Debug|Win32
		{BB6D371B-DDA9-4A7C-8E7D-73BB05E8ECDA}.Debug|x86.Build.0 = Debug|Win32
		{BB6D371B-DDA9-4A7C-8E7D-73BB05E8ECDA}.Release|x64.ActiveCfg = Release|x64
		{BB6D371B-DDA9-4A7C-8E7D-73BB05E8ECDA}.Release|x64.Build.0 = Release|x64
		{BB6D371B-DDA9-4A7C-8E7D-73BB05E8ECDA}.Release|x86.ActiveCfg = Release|Win32
		{BB6D371B-DDA9-4A7C-8E7D-73BB05E8ECDA}.Release|x86.Build.0 = Release|Win32
		{0B27D9B6-E549-4CB8-BE84-C827EDB6231D}.Debug|x64.ActiveCfg = Debug|x64
		{0B27D9B6-E549-4CB8-BE84-C827EDB6231D}.Debug|x64.Build.0 = Debug|x64
		{0B27D9B6-E549-4CB8-BE84-C827EDB6231D}.Debug|x86.ActiveCfg = Debug|Win32
		{0B27D9B6-E549-4CB8-BE84-C827EDB6231D}.Debug|x86.Build.0 = Debug|Win32
		{0B27D9B6-E549-4CB8-BE84-C827EDB6231D}.Release|x64.ActiveCfg = Release|x64
		{0B27D9B6-E549-4CB8-BE84-C827EDB6231D}.Release|x64.Build.0 = Release|x64
		{0B27D9B6-E549-4CB8-BE84-C827EDB6231D}.Release|x86.ActiveCfg = Release|Win32
		{0B27D9B6-E549-4CB8-BE84-C827EDB6231D}.Release|x86.Build.0 = Release|Win32
		{54731984-0500-44DE-A493-8F28C7398FDC}.Debug|x64.ActiveCfg = Debug|x64
		{54731984-0500-44DE-A493-8F28C7398FDC}.Debug|x64.Build.0 = Debug|x64
		{54731984-0500-44DE-A493-8F28C7398FDC}.Debug|x86.ActiveCfg = Debug|Win32
		{54731984-0500-44DE-A493-8F28C7398FDC}.Debug|x86.Build.0 = Debug|Win32
		{54731984-0500-44DE-A493-8F28C7398FDC}.Release|x64.ActiveCfg = Release|x64
		{54731984-0500-44DE-A493-8F28C7398FDC}.Release|x64.Build.0 = Release|x64
		{54731984-0500-44DE-A493-8F28C7398FDC}.Release|x86.ActiveCfg = Release|Win32
		{54731984-0500-44DE-A493-8F28C7398FDC}.Release|x86.Build.0 = Release|Win32
		{D644FFBC-98D0-4E46-8486-C7A62B69E350}.Debug|x64.ActiveCfg = Debug|x64
		{D644FFBC-98D0-4E46-8486-C7A62B69E350}.Debug|x64.Build.0 = Debug|x64
		{D644FFBC-98D0-4E46-8486-C7A62B69E350}.Debug|x86.ActiveCfg = Debug|Win32
		{D644FFBC-98D0-4E46-8486-C7A62B69E350}.Debug|x86.Build.0 = Debug|Win32
		{D644FFBC-98D0-4E46-8486-C7A62B69E350}.Release|x64.ActiveCfg = Release|x64
		{D644FFBC-98D0-4E46-8486-C7A62B69E350}.Release|x64.Build.0 = Release|x64
		{D644FFBC-98D0-4E46-8486-C7A62B69E350}.Release|x86.ActiveCfg = Release|Win32
		{D644FFBC-98D0-4E46-8486-C7A62B69E350}.Release|x86.Build.0 = Release|Win32
	EndGlobalSection
	GlobalSection(SolutionProperties) = preSolution
		HideSolutionNode = FALSE
	EndGlobalSection
	GlobalSection(ExtensibilityGlobals) = postSolution
		SolutionGuid = {1D87AA77-3D06-49D1-9867-19AE5EBBCD05}
	EndGlobalSection
EndGlobal
